// !$*UTF8*$!
{
	archiveVersion = 1;
	classes = {
	};
	objectVersion = 46;
	objects = {

/* Begin PBXBuildFile section */
		1D009DB31D2B965D00993564 /* LZFocusScrollView.m in Sources */ = {isa = PBXBuildFile; fileRef = 1D009DB21D2B965D00993564 /* LZFocusScrollView.m */; };
		1D009DB41D2B9BD800993564 /* LZCollectionViewContentTableView.m in Sources */ = {isa = PBXBuildFile; fileRef = 1DF4217C1D2A0EA900D2FA04 /* LZCollectionViewContentTableView.m */; };
		1D464E211D24C55F000032B3 /* Assets.xcassets in Resources */ = {isa = PBXBuildFile; fileRef = 1D464E201D24C55F000032B3 /* Assets.xcassets */; };
		1D464E281D24D3E1000032B3 /* LZClassViewController.m in Sources */ = {isa = PBXBuildFile; fileRef = 1D464E271D24D3E1000032B3 /* LZClassViewController.m */; };
		1D464E2C1D24D4A3000032B3 /* LZBaseViewController.m in Sources */ = {isa = PBXBuildFile; fileRef = 1D464E2B1D24D4A3000032B3 /* LZBaseViewController.m */; };
		1D464E301D24D689000032B3 /* LZTitleScrollView.m in Sources */ = {isa = PBXBuildFile; fileRef = 1D464E2F1D24D689000032B3 /* LZTitleScrollView.m */; };
		1D464E341D24DC79000032B3 /* LZClassModel.m in Sources */ = {isa = PBXBuildFile; fileRef = 1D464E331D24DC79000032B3 /* LZClassModel.m */; };
		1D464E361D24F865000032B3 /* class.plist in Resources */ = {isa = PBXBuildFile; fileRef = 1D464E351D24F865000032B3 /* class.plist */; };
		1D4FC5171D235BA200361C57 /* LZNewsInfo.m in Sources */ = {isa = PBXBuildFile; fileRef = 1D4FC5161D235BA200361C57 /* LZNewsInfo.m */; };
		1DED301A1D25FC8B00DE57E2 /* LZHttpHelper.m in Sources */ = {isa = PBXBuildFile; fileRef = 1DED30191D25FC8B00DE57E2 /* LZHttpHelper.m */; };
		1DED301F1D26147F00DE57E2 /* Info.plist in Resources */ = {isa = PBXBuildFile; fileRef = 1DEE8BAF1D226E0400DB6AA5 /* Info.plist */; };
		1DED30451D2654E300DE57E2 /* LZContentCollectionView.m in Sources */ = {isa = PBXBuildFile; fileRef = 1DED30441D2654E300DE57E2 /* LZContentCollectionView.m */; };
		1DED30491D2656F900DE57E2 /* LZCollectionViewCell.m in Sources */ = {isa = PBXBuildFile; fileRef = 1DED30481D2656F900DE57E2 /* LZCollectionViewCell.m */; };
		1DEE8BA91D226B5B00DB6AA5 /* LaunchScreen.storyboard in Resources */ = {isa = PBXBuildFile; fileRef = 1DEE8BA61D226B5B00DB6AA5 /* LaunchScreen.storyboard */; };
		1DEE8BAE1D226B9200DB6AA5 /* main.m in Sources */ = {isa = PBXBuildFile; fileRef = 1DEE8BAC1D226B9200DB6AA5 /* main.m */; };
		1DEE8BB31D226EE000DB6AA5 /* AppDelegate.m in Sources */ = {isa = PBXBuildFile; fileRef = 1DEE8BB21D226EE000DB6AA5 /* AppDelegate.m */; };
		1DEE8BB61D227C7600DB6AA5 /* LZHomeViewController.m in Sources */ = {isa = PBXBuildFile; fileRef = 1DEE8BB51D227C7600DB6AA5 /* LZHomeViewController.m */; };
		1DEE8BBD1D227FF600DB6AA5 /* LZMainTabBarViewController.m in Sources */ = {isa = PBXBuildFile; fileRef = 1DEE8BBC1D227FF600DB6AA5 /* LZMainTabBarViewController.m */; };
		1DEE8BC01D2283CF00DB6AA5 /* LZNavigationViewController.m in Sources */ = {isa = PBXBuildFile; fileRef = 1DEE8BBF1D2283CF00DB6AA5 /* LZNavigationViewController.m */; };
		1DEE8BC61D2284FF00DB6AA5 /* LZAboutMeViewController.m in Sources */ = {isa = PBXBuildFile; fileRef = 1DEE8BC51D2284FF00DB6AA5 /* LZAboutMeViewController.m */; };
		1DEE8BCC1D22851D00DB6AA5 /* LZSettingViewController.m in Sources */ = {isa = PBXBuildFile; fileRef = 1DEE8BCB1D22851D00DB6AA5 /* LZSettingViewController.m */; };
		1DEE8BD61D22858000DB6AA5 /* LZDetailViewController.m in Sources */ = {isa = PBXBuildFile; fileRef = 1DEE8BD51D22858000DB6AA5 /* LZDetailViewController.m */; };
		1DF421801D2A72A600D2FA04 /* LZTTestBaseViewController.m in Sources */ = {isa = PBXBuildFile; fileRef = 1DF4217F1D2A72A600D2FA04 /* LZTTestBaseViewController.m */; };
		F79AE99E43EA13AA6A04F2D7 /* libPods-zhongyi.sina.com.mobileApp.a in Frameworks */ = {isa = PBXBuildFile; fileRef = 86BF91E674A42A6F764A49E3 /* libPods-zhongyi.sina.com.mobileApp.a */; };
/* End PBXBuildFile section */

/* Begin PBXFileReference section */
		0BC88FF0BB3D547823D0F4D1 /* Pods-zhongyi.sina.com.mobileApp.debug.xcconfig */ = {isa = PBXFileReference; includeInIndex = 1; lastKnownFileType = text.xcconfig; name = "Pods-zhongyi.sina.com.mobileApp.debug.xcconfig"; path = "Pods/Target Support Files/Pods-zhongyi.sina.com.mobileApp/Pods-zhongyi.sina.com.mobileApp.debug.xcconfig"; sourceTree = "<group>"; };
		1D009DB11D2B965D00993564 /* LZFocusScrollView.h */ = {isa = PBXFileReference; fileEncoding = 4; lastKnownFileType = sourcecode.c.h; path = LZFocusScrollView.h; sourceTree = "<group>"; };
		1D009DB21D2B965D00993564 /* LZFocusScrollView.m */ = {isa = PBXFileReference; fileEncoding = 4; lastKnownFileType = sourcecode.c.objc; path = LZFocusScrollView.m; sourceTree = "<group>"; };
		1D464E201D24C55F000032B3 /* Assets.xcassets */ = {isa = PBXFileReference; lastKnownFileType = folder.assetcatalog; path = Assets.xcassets; sourceTree = "<group>"; };
		1D464E261D24D3E1000032B3 /* LZClassViewController.h */ = {isa = PBXFileReference; fileEncoding = 4; lastKnownFileType = sourcecode.c.h; path = LZClassViewController.h; sourceTree = "<group>"; };
		1D464E271D24D3E1000032B3 /* LZClassViewController.m */ = {isa = PBXFileReference; fileEncoding = 4; lastKnownFileType = sourcecode.c.objc; path = LZClassViewController.m; sourceTree = "<group>"; };
		1D464E2A1D24D4A3000032B3 /* LZBaseViewController.h */ = {isa = PBXFileReference; fileEncoding = 4; lastKnownFileType = sourcecode.c.h; path = LZBaseViewController.h; sourceTree = "<group>"; };
		1D464E2B1D24D4A3000032B3 /* LZBaseViewController.m */ = {isa = PBXFileReference; fileEncoding = 4; lastKnownFileType = sourcecode.c.objc; path = LZBaseViewController.m; sourceTree = "<group>"; };
		1D464E2E1D24D689000032B3 /* LZTitleScrollView.h */ = {isa = PBXFileReference; fileEncoding = 4; lastKnownFileType = sourcecode.c.h; path = LZTitleScrollView.h; sourceTree = "<group>"; };
		1D464E2F1D24D689000032B3 /* LZTitleScrollView.m */ = {isa = PBXFileReference; fileEncoding = 4; lastKnownFileType = sourcecode.c.objc; path = LZTitleScrollView.m; sourceTree = "<group>"; };
		1D464E321D24DC79000032B3 /* LZClassModel.h */ = {isa = PBXFileReference; fileEncoding = 4; lastKnownFileType = sourcecode.c.h; path = LZClassModel.h; sourceTree = "<group>"; };
		1D464E331D24DC79000032B3 /* LZClassModel.m */ = {isa = PBXFileReference; fileEncoding = 4; lastKnownFileType = sourcecode.c.objc; path = LZClassModel.m; sourceTree = "<group>"; };
		1D464E351D24F865000032B3 /* class.plist */ = {isa = PBXFileReference; fileEncoding = 4; lastKnownFileType = text.plist.xml; path = class.plist; sourceTree = "<group>"; };
		1D4FC5151D235BA200361C57 /* LZNewsInfo.h */ = {isa = PBXFileReference; fileEncoding = 4; lastKnownFileType = sourcecode.c.h; path = LZNewsInfo.h; sourceTree = "<group>"; };
		1D4FC5161D235BA200361C57 /* LZNewsInfo.m */ = {isa = PBXFileReference; fileEncoding = 4; lastKnownFileType = sourcecode.c.objc; path = LZNewsInfo.m; sourceTree = "<group>"; };
		1D6527BF1D225C4700E89D69 /* zhongyi.sina.com.mobileApp.app */ = {isa = PBXFileReference; explicitFileType = wrapper.application; includeInIndex = 0; path = zhongyi.sina.com.mobileApp.app; sourceTree = BUILT_PRODUCTS_DIR; };
		1DED30181D25FC8B00DE57E2 /* LZHttpHelper.h */ = {isa = PBXFileReference; fileEncoding = 4; lastKnownFileType = sourcecode.c.h; path = LZHttpHelper.h; sourceTree = "<group>"; };
		1DED30191D25FC8B00DE57E2 /* LZHttpHelper.m */ = {isa = PBXFileReference; fileEncoding = 4; lastKnownFileType = sourcecode.c.objc; path = LZHttpHelper.m; sourceTree = "<group>"; };
		1DED30431D2654E300DE57E2 /* LZContentCollectionView.h */ = {isa = PBXFileReference; fileEncoding = 4; lastKnownFileType = sourcecode.c.h; path = LZContentCollectionView.h; sourceTree = "<group>"; };
		1DED30441D2654E300DE57E2 /* LZContentCollectionView.m */ = {isa = PBXFileReference; fileEncoding = 4; lastKnownFileType = sourcecode.c.objc; path = LZContentCollectionView.m; sourceTree = "<group>"; };
		1DED30471D2656F900DE57E2 /* LZCollectionViewCell.h */ = {isa = PBXFileReference; fileEncoding = 4; lastKnownFileType = sourcecode.c.h; path = LZCollectionViewCell.h; sourceTree = "<group>"; };
		1DED30481D2656F900DE57E2 /* LZCollectionViewCell.m */ = {isa = PBXFileReference; fileEncoding = 4; lastKnownFileType = sourcecode.c.objc; path = LZCollectionViewCell.m; sourceTree = "<group>"; };
		1DEE8BA61D226B5B00DB6AA5 /* LaunchScreen.storyboard */ = {isa = PBXFileReference; fileEncoding = 4; lastKnownFileType = file.storyboard; path = LaunchScreen.storyboard; sourceTree = "<group>"; };
		1DEE8BAC1D226B9200DB6AA5 /* main.m */ = {isa = PBXFileReference; fileEncoding = 4; lastKnownFileType = sourcecode.c.objc; path = main.m; sourceTree = "<group>"; };
		1DEE8BAF1D226E0400DB6AA5 /* Info.plist */ = {isa = PBXFileReference; fileEncoding = 4; lastKnownFileType = text.plist.xml; path = Info.plist; sourceTree = "<group>"; };
		1DEE8BB11D226EE000DB6AA5 /* AppDelegate.h */ = {isa = PBXFileReference; fileEncoding = 4; lastKnownFileType = sourcecode.c.h; path = AppDelegate.h; sourceTree = "<group>"; };
		1DEE8BB21D226EE000DB6AA5 /* AppDelegate.m */ = {isa = PBXFileReference; fileEncoding = 4; lastKnownFileType = sourcecode.c.objc; path = AppDelegate.m; sourceTree = "<group>"; };
		1DEE8BB41D227C7600DB6AA5 /* LZHomeViewController.h */ = {isa = PBXFileReference; fileEncoding = 4; lastKnownFileType = sourcecode.c.h; path = LZHomeViewController.h; sourceTree = "<group>"; };
		1DEE8BB51D227C7600DB6AA5 /* LZHomeViewController.m */ = {isa = PBXFileReference; fileEncoding = 4; lastKnownFileType = sourcecode.c.objc; path = LZHomeViewController.m; sourceTree = "<group>"; };
		1DEE8BBB1D227FF600DB6AA5 /* LZMainTabBarViewController.h */ = {isa = PBXFileReference; fileEncoding = 4; lastKnownFileType = sourcecode.c.h; path = LZMainTabBarViewController.h; sourceTree = "<group>"; };
		1DEE8BBC1D227FF600DB6AA5 /* LZMainTabBarViewController.m */ = {isa = PBXFileReference; fileEncoding = 4; lastKnownFileType = sourcecode.c.objc; path = LZMainTabBarViewController.m; sourceTree = "<group>"; };
		1DEE8BBE1D2283CF00DB6AA5 /* LZNavigationViewController.h */ = {isa = PBXFileReference; fileEncoding = 4; lastKnownFileType = sourcecode.c.h; path = LZNavigationViewController.h; sourceTree = "<group>"; };
		1DEE8BBF1D2283CF00DB6AA5 /* LZNavigationViewController.m */ = {isa = PBXFileReference; fileEncoding = 4; lastKnownFileType = sourcecode.c.objc; path = LZNavigationViewController.m; sourceTree = "<group>"; };
		1DEE8BC41D2284FF00DB6AA5 /* LZAboutMeViewController.h */ = {isa = PBXFileReference; fileEncoding = 4; lastKnownFileType = sourcecode.c.h; path = LZAboutMeViewController.h; sourceTree = "<group>"; };
		1DEE8BC51D2284FF00DB6AA5 /* LZAboutMeViewController.m */ = {isa = PBXFileReference; fileEncoding = 4; lastKnownFileType = sourcecode.c.objc; path = LZAboutMeViewController.m; sourceTree = "<group>"; };
		1DEE8BCA1D22851D00DB6AA5 /* LZSettingViewController.h */ = {isa = PBXFileReference; fileEncoding = 4; lastKnownFileType = sourcecode.c.h; path = LZSettingViewController.h; sourceTree = "<group>"; };
		1DEE8BCB1D22851D00DB6AA5 /* LZSettingViewController.m */ = {isa = PBXFileReference; fileEncoding = 4; lastKnownFileType = sourcecode.c.objc; path = LZSettingViewController.m; sourceTree = "<group>"; };
		1DEE8BD41D22858000DB6AA5 /* LZDetailViewController.h */ = {isa = PBXFileReference; fileEncoding = 4; lastKnownFileType = sourcecode.c.h; path = LZDetailViewController.h; sourceTree = "<group>"; };
		1DEE8BD51D22858000DB6AA5 /* LZDetailViewController.m */ = {isa = PBXFileReference; fileEncoding = 4; lastKnownFileType = sourcecode.c.objc; path = LZDetailViewController.m; sourceTree = "<group>"; };
		1DF4217B1D2A0EA900D2FA04 /* LZCollectionViewContentTableView.h */ = {isa = PBXFileReference; fileEncoding = 4; lastKnownFileType = sourcecode.c.h; path = LZCollectionViewContentTableView.h; sourceTree = "<group>"; };
		1DF4217C1D2A0EA900D2FA04 /* LZCollectionViewContentTableView.m */ = {isa = PBXFileReference; fileEncoding = 4; lastKnownFileType = sourcecode.c.objc; path = LZCollectionViewContentTableView.m; sourceTree = "<group>"; };
		1DF4217E1D2A72A600D2FA04 /* LZTTestBaseViewController.h */ = {isa = PBXFileReference; fileEncoding = 4; lastKnownFileType = sourcecode.c.h; path = LZTTestBaseViewController.h; sourceTree = "<group>"; };
		1DF4217F1D2A72A600D2FA04 /* LZTTestBaseViewController.m */ = {isa = PBXFileReference; fileEncoding = 4; lastKnownFileType = sourcecode.c.objc; path = LZTTestBaseViewController.m; sourceTree = "<group>"; };
		86BF91E674A42A6F764A49E3 /* libPods-zhongyi.sina.com.mobileApp.a */ = {isa = PBXFileReference; explicitFileType = archive.ar; includeInIndex = 0; path = "libPods-zhongyi.sina.com.mobileApp.a"; sourceTree = BUILT_PRODUCTS_DIR; };
		D4BF94A2A7D81442B984C225 /* Pods-zhongyi.sina.com.mobileApp.release.xcconfig */ = {isa = PBXFileReference; includeInIndex = 1; lastKnownFileType = text.xcconfig; name = "Pods-zhongyi.sina.com.mobileApp.release.xcconfig"; path = "Pods/Target Support Files/Pods-zhongyi.sina.com.mobileApp/Pods-zhongyi.sina.com.mobileApp.release.xcconfig"; sourceTree = "<group>"; };
/* End PBXFileReference section */

/* Begin PBXFrameworksBuildPhase section */
		1D6527BC1D225C4700E89D69 /* Frameworks */ = {
			isa = PBXFrameworksBuildPhase;
			buildActionMask = 2147483647;
			files = (
				F79AE99E43EA13AA6A04F2D7 /* libPods-zhongyi.sina.com.mobileApp.a in Frameworks */,
			);
			runOnlyForDeploymentPostprocessing = 0;
		};
/* End PBXFrameworksBuildPhase section */

/* Begin PBXGroup section */
		1D464E251D24CB63000032B3 /* Cells */ = {
			isa = PBXGroup;
			children = (
				1DED304A1D26586100DE57E2 /* TableViewCell */,
				1DED30461D2656C000DE57E2 /* CollectionViewCell */,
			);
			path = Cells;
			sourceTree = "<group>";
		};
		1D464E291D24D497000032B3 /* BaseController */ = {
			isa = PBXGroup;
			children = (
				1D464E2A1D24D4A3000032B3 /* LZBaseViewController.h */,
				1D464E2B1D24D4A3000032B3 /* LZBaseViewController.m */,
			);
			path = BaseController;
			sourceTree = "<group>";
		};
		1D464E2D1D24D5E6000032B3 /* Parts */ = {
			isa = PBXGroup;
			children = (
				1D464E2E1D24D689000032B3 /* LZTitleScrollView.h */,
				1D464E2F1D24D689000032B3 /* LZTitleScrollView.m */,
				1DED30431D2654E300DE57E2 /* LZContentCollectionView.h */,
				1DED30441D2654E300DE57E2 /* LZContentCollectionView.m */,
				1D009DB11D2B965D00993564 /* LZFocusScrollView.h */,
				1D009DB21D2B965D00993564 /* LZFocusScrollView.m */,
			);
			path = Parts;
			sourceTree = "<group>";
		};
		1D6527B61D225C4700E89D69 = {
			isa = PBXGroup;
			children = (
				1D6527C11D225C4700E89D69 /* zhongyi.sina.com.mobileApp */,
				1D6527C01D225C4700E89D69 /* Products */,
				3CC6EFCBFF041B519EA6F862 /* Frameworks */,
				E705CC316D77B2F2B85E8EAF /* Pods */,
			);
			sourceTree = "<group>";
		};
		1D6527C01D225C4700E89D69 /* Products */ = {
			isa = PBXGroup;
			children = (
				1D6527BF1D225C4700E89D69 /* zhongyi.sina.com.mobileApp.app */,
			);
			name = Products;
			sourceTree = "<group>";
		};
		1D6527C11D225C4700E89D69 /* zhongyi.sina.com.mobileApp */ = {
			isa = PBXGroup;
			children = (
				1DEE8BB71D227CDF00DB6AA5 /* zhongyi.Extension */,
				1DEE8BA11D226AD800DB6AA5 /* zhongyi.3thSDK */,
				1DEE8BA21D226AD800DB6AA5 /* zhongyi.Config */,
				1DEE8BA31D226AD800DB6AA5 /* zhongyi.Resource */,
				1DEE8BA41D226AD800DB6AA5 /* zhongyi.Tool */,
				1D6527DA1D22645100E89D69 /* zhongyi.Controller */,
			);
			path = zhongyi.sina.com.mobileApp;
			sourceTree = "<group>";
		};
		1D6527DA1D22645100E89D69 /* zhongyi.Controller */ = {
			isa = PBXGroup;
			children = (
				1D464E2D1D24D5E6000032B3 /* Parts */,
				1D464E291D24D497000032B3 /* BaseController */,
				1D464E251D24CB63000032B3 /* Cells */,
				1DEE8BD01D22856E00DB6AA5 /* Detail */,
				1DEE8B8C1D226A0E00DB6AA5 /* AboutMe */,
				1DEE8B901D226A0E00DB6AA5 /* Class */,
				1DEE8B941D226A0E00DB6AA5 /* Home */,
				1DEE8B981D226A0E00DB6AA5 /* Main */,
				1DEE8B9B1D226A0E00DB6AA5 /* Setting */,
			);
			path = zhongyi.Controller;
			sourceTree = "<group>";
		};
		1DED30141D25FC6200DE57E2 /* CacheHelper */ = {
			isa = PBXGroup;
			children = (
			);
			path = CacheHelper;
			sourceTree = "<group>";
		};
		1DED30151D25FC6200DE57E2 /* HttpHelper */ = {
			isa = PBXGroup;
			children = (
				1DED30181D25FC8B00DE57E2 /* LZHttpHelper.h */,
				1DED30191D25FC8B00DE57E2 /* LZHttpHelper.m */,
			);
			path = HttpHelper;
			sourceTree = "<group>";
		};
		1DED30161D25FC6200DE57E2 /* IOHeper */ = {
			isa = PBXGroup;
			children = (
			);
			path = IOHeper;
			sourceTree = "<group>";
		};
		1DED30171D25FC6200DE57E2 /* StringHelper */ = {
			isa = PBXGroup;
			children = (
			);
			path = StringHelper;
			sourceTree = "<group>";
		};
		1DED30461D2656C000DE57E2 /* CollectionViewCell */ = {
			isa = PBXGroup;
			children = (
				1DED30471D2656F900DE57E2 /* LZCollectionViewCell.h */,
				1DED30481D2656F900DE57E2 /* LZCollectionViewCell.m */,
			);
			path = CollectionViewCell;
			sourceTree = "<group>";
		};
		1DED304A1D26586100DE57E2 /* TableViewCell */ = {
			isa = PBXGroup;
			children = (
				1DF4217B1D2A0EA900D2FA04 /* LZCollectionViewContentTableView.h */,
				1DF4217C1D2A0EA900D2FA04 /* LZCollectionViewContentTableView.m */,
			);
			path = TableViewCell;
			sourceTree = "<group>";
		};
		1DEE8B8C1D226A0E00DB6AA5 /* AboutMe */ = {
			isa = PBXGroup;
			children = (
				1DEE8B8D1D226A0E00DB6AA5 /* Controller */,
				1DEE8B8E1D226A0E00DB6AA5 /* Model */,
				1DEE8B8F1D226A0E00DB6AA5 /* View */,
			);
			name = AboutMe;
			path = zhongyi.sina.com.mobileApp/zhongyi.Controller/AboutMe;
			sourceTree = SOURCE_ROOT;
		};
		1DEE8B8D1D226A0E00DB6AA5 /* Controller */ = {
			isa = PBXGroup;
			children = (
				1DEE8BC41D2284FF00DB6AA5 /* LZAboutMeViewController.h */,
				1DEE8BC51D2284FF00DB6AA5 /* LZAboutMeViewController.m */,
			);
			path = Controller;
			sourceTree = "<group>";
		};
		1DEE8B8E1D226A0E00DB6AA5 /* Model */ = {
			isa = PBXGroup;
			children = (
			);
			path = Model;
			sourceTree = "<group>";
		};
		1DEE8B8F1D226A0E00DB6AA5 /* View */ = {
			isa = PBXGroup;
			children = (
			);
			path = View;
			sourceTree = "<group>";
		};
		1DEE8B901D226A0E00DB6AA5 /* Class */ = {
			isa = PBXGroup;
			children = (
				1DEE8B911D226A0E00DB6AA5 /* Controller */,
				1DEE8B921D226A0E00DB6AA5 /* Model */,
				1DEE8B931D226A0E00DB6AA5 /* View */,
			);
			name = Class;
			path = zhongyi.sina.com.mobileApp/zhongyi.Controller/Class;
			sourceTree = SOURCE_ROOT;
		};
		1DEE8B911D226A0E00DB6AA5 /* Controller */ = {
			isa = PBXGroup;
			children = (
				1D464E261D24D3E1000032B3 /* LZClassViewController.h */,
				1D464E271D24D3E1000032B3 /* LZClassViewController.m */,
			);
			path = Controller;
			sourceTree = "<group>";
		};
		1DEE8B921D226A0E00DB6AA5 /* Model */ = {
			isa = PBXGroup;
			children = (
				1D464E321D24DC79000032B3 /* LZClassModel.h */,
				1D464E331D24DC79000032B3 /* LZClassModel.m */,
			);
			path = Model;
			sourceTree = "<group>";
		};
		1DEE8B931D226A0E00DB6AA5 /* View */ = {
			isa = PBXGroup;
			children = (
			);
			path = View;
			sourceTree = "<group>";
		};
		1DEE8B941D226A0E00DB6AA5 /* Home */ = {
			isa = PBXGroup;
			children = (
				1DEE8B951D226A0E00DB6AA5 /* Controller */,
				1DEE8B961D226A0E00DB6AA5 /* Model */,
				1DEE8B971D226A0E00DB6AA5 /* View */,
			);
			name = Home;
			path = zhongyi.sina.com.mobileApp/zhongyi.Controller/Home;
			sourceTree = SOURCE_ROOT;
		};
		1DEE8B951D226A0E00DB6AA5 /* Controller */ = {
			isa = PBXGroup;
			children = (
				1DEE8BB41D227C7600DB6AA5 /* LZHomeViewController.h */,
				1DEE8BB51D227C7600DB6AA5 /* LZHomeViewController.m */,
				1DEE8BBB1D227FF600DB6AA5 /* LZMainTabBarViewController.h */,
				1DEE8BBC1D227FF600DB6AA5 /* LZMainTabBarViewController.m */,
				1DEE8BBE1D2283CF00DB6AA5 /* LZNavigationViewController.h */,
				1DEE8BBF1D2283CF00DB6AA5 /* LZNavigationViewController.m */,
				1DF4217E1D2A72A600D2FA04 /* LZTTestBaseViewController.h */,
				1DF4217F1D2A72A600D2FA04 /* LZTTestBaseViewController.m */,
			);
			path = Controller;
			sourceTree = "<group>";
		};
		1DEE8B961D226A0E00DB6AA5 /* Model */ = {
			isa = PBXGroup;
			children = (
				1D4FC5151D235BA200361C57 /* LZNewsInfo.h */,
				1D4FC5161D235BA200361C57 /* LZNewsInfo.m */,
			);
			path = Model;
			sourceTree = "<group>";
		};
		1DEE8B971D226A0E00DB6AA5 /* View */ = {
			isa = PBXGroup;
			children = (
			);
			path = View;
			sourceTree = "<group>";
		};
		1DEE8B981D226A0E00DB6AA5 /* Main */ = {
			isa = PBXGroup;
			children = (
				1DEE8BB11D226EE000DB6AA5 /* AppDelegate.h */,
				1DEE8BB21D226EE000DB6AA5 /* AppDelegate.m */,
			);
			name = Main;
			path = zhongyi.sina.com.mobileApp/zhongyi.Controller/Main;
			sourceTree = SOURCE_ROOT;
		};
		1DEE8B9B1D226A0E00DB6AA5 /* Setting */ = {
			isa = PBXGroup;
			children = (
				1DEE8B9C1D226A0E00DB6AA5 /* Controller */,
				1DEE8B9D1D226A0E00DB6AA5 /* Model */,
				1DEE8B9E1D226A0E00DB6AA5 /* View */,
			);
			name = Setting;
			path = zhongyi.sina.com.mobileApp/zhongyi.Controller/Setting;
			sourceTree = SOURCE_ROOT;
		};
		1DEE8B9C1D226A0E00DB6AA5 /* Controller */ = {
			isa = PBXGroup;
			children = (
				1DEE8BCA1D22851D00DB6AA5 /* LZSettingViewController.h */,
				1DEE8BCB1D22851D00DB6AA5 /* LZSettingViewController.m */,
			);
			path = Controller;
			sourceTree = "<group>";
		};
		1DEE8B9D1D226A0E00DB6AA5 /* Model */ = {
			isa = PBXGroup;
			children = (
			);
			path = Model;
			sourceTree = "<group>";
		};
		1DEE8B9E1D226A0E00DB6AA5 /* View */ = {
			isa = PBXGroup;
			children = (
			);
			path = View;
			sourceTree = "<group>";
		};
		1DEE8BA11D226AD800DB6AA5 /* zhongyi.3thSDK */ = {
			isa = PBXGroup;
			children = (
			);
			path = zhongyi.3thSDK;
			sourceTree = "<group>";
		};
		1DEE8BA21D226AD800DB6AA5 /* zhongyi.Config */ = {
			isa = PBXGroup;
			children = (
				1DEE8BAF1D226E0400DB6AA5 /* Info.plist */,
				1DEE8BAC1D226B9200DB6AA5 /* main.m */,
				1D464E351D24F865000032B3 /* class.plist */,
			);
			path = zhongyi.Config;
			sourceTree = "<group>";
		};
		1DEE8BA31D226AD800DB6AA5 /* zhongyi.Resource */ = {
			isa = PBXGroup;
			children = (
				1D464E201D24C55F000032B3 /* Assets.xcassets */,
				1DEE8BA61D226B5B00DB6AA5 /* LaunchScreen.storyboard */,
			);
			path = zhongyi.Resource;
			sourceTree = "<group>";
		};
		1DEE8BA41D226AD800DB6AA5 /* zhongyi.Tool */ = {
			isa = PBXGroup;
			children = (
				1DED30151D25FC6200DE57E2 /* HttpHelper */,
				1DED30141D25FC6200DE57E2 /* CacheHelper */,
				1DED30161D25FC6200DE57E2 /* IOHeper */,
				1DED30171D25FC6200DE57E2 /* StringHelper */,
			);
			path = zhongyi.Tool;
			sourceTree = "<group>";
		};
		1DEE8BB71D227CDF00DB6AA5 /* zhongyi.Extension */ = {
			isa = PBXGroup;
			children = (
			);
			path = zhongyi.Extension;
			sourceTree = "<group>";
		};
		1DEE8BD01D22856E00DB6AA5 /* Detail */ = {
			isa = PBXGroup;
			children = (
				1DEE8BD11D22856E00DB6AA5 /* Controller */,
				1DEE8BD21D22856E00DB6AA5 /* Model */,
				1DEE8BD31D22856E00DB6AA5 /* View */,
			);
			path = Detail;
			sourceTree = "<group>";
		};
		1DEE8BD11D22856E00DB6AA5 /* Controller */ = {
			isa = PBXGroup;
			children = (
				1DEE8BD41D22858000DB6AA5 /* LZDetailViewController.h */,
				1DEE8BD51D22858000DB6AA5 /* LZDetailViewController.m */,
			);
			path = Controller;
			sourceTree = "<group>";
		};
		1DEE8BD21D22856E00DB6AA5 /* Model */ = {
			isa = PBXGroup;
			children = (
			);
			path = Model;
			sourceTree = "<group>";
		};
		1DEE8BD31D22856E00DB6AA5 /* View */ = {
			isa = PBXGroup;
			children = (
			);
			path = View;
			sourceTree = "<group>";
		};
		3CC6EFCBFF041B519EA6F862 /* Frameworks */ = {
			isa = PBXGroup;
			children = (
				86BF91E674A42A6F764A49E3 /* libPods-zhongyi.sina.com.mobileApp.a */,
			);
			name = Frameworks;
			sourceTree = "<group>";
		};
		E705CC316D77B2F2B85E8EAF /* Pods */ = {
			isa = PBXGroup;
			children = (
				0BC88FF0BB3D547823D0F4D1 /* Pods-zhongyi.sina.com.mobileApp.debug.xcconfig */,
				D4BF94A2A7D81442B984C225 /* Pods-zhongyi.sina.com.mobileApp.release.xcconfig */,
			);
			name = Pods;
			sourceTree = "<group>";
		};
/* End PBXGroup section */

/* Begin PBXNativeTarget section */
		1D6527BE1D225C4700E89D69 /* zhongyi.sina.com.mobileApp */ = {
			isa = PBXNativeTarget;
			buildConfigurationList = 1D6527D61D225C4700E89D69 /* Build configuration list for PBXNativeTarget "zhongyi.sina.com.mobileApp" */;
			buildPhases = (
				637A8CB241FA74CB15EC88F6 /* [CP] Check Pods Manifest.lock */,
				1D6527BB1D225C4700E89D69 /* Sources */,
				1D6527BC1D225C4700E89D69 /* Frameworks */,
				1D6527BD1D225C4700E89D69 /* Resources */,
				CF7B3560D4D147A3B9D20645 /* [CP] Embed Pods Frameworks */,
				DF0C3F0FEC3D6A0780F22843 /* [CP] Copy Pods Resources */,
			);
			buildRules = (
			);
			dependencies = (
			);
			name = zhongyi.sina.com.mobileApp;
			productName = zhongyi.sina.com.mobileApp;
			productReference = 1D6527BF1D225C4700E89D69 /* zhongyi.sina.com.mobileApp.app */;
			productType = "com.apple.product-type.application";
		};
/* End PBXNativeTarget section */

/* Begin PBXProject section */
		1D6527B71D225C4700E89D69 /* Project object */ = {
			isa = PBXProject;
			attributes = {
				CLASSPREFIX = LZ;
				LastUpgradeCheck = 0720;
				ORGANIZATIONNAME = zhongyi;
				TargetAttributes = {
					1D6527BE1D225C4700E89D69 = {
						CreatedOnToolsVersion = 7.2;
					};
				};
			};
			buildConfigurationList = 1D6527BA1D225C4700E89D69 /* Build configuration list for PBXProject "zhongyi.sina.com.mobileApp" */;
			compatibilityVersion = "Xcode 3.2";
			developmentRegion = English;
			hasScannedForEncodings = 0;
			knownRegions = (
				en,
				Base,
			);
			mainGroup = 1D6527B61D225C4700E89D69;
			productRefGroup = 1D6527C01D225C4700E89D69 /* Products */;
			projectDirPath = "";
			projectRoot = "";
			targets = (
				1D6527BE1D225C4700E89D69 /* zhongyi.sina.com.mobileApp */,
			);
		};
/* End PBXProject section */

/* Begin PBXResourcesBuildPhase section */
		1D6527BD1D225C4700E89D69 /* Resources */ = {
			isa = PBXResourcesBuildPhase;
			buildActionMask = 2147483647;
			files = (
				1D464E361D24F865000032B3 /* class.plist in Resources */,
				1D464E211D24C55F000032B3 /* Assets.xcassets in Resources */,
				1DED301F1D26147F00DE57E2 /* Info.plist in Resources */,
				1DEE8BA91D226B5B00DB6AA5 /* LaunchScreen.storyboard in Resources */,
			);
			runOnlyForDeploymentPostprocessing = 0;
		};
/* End PBXResourcesBuildPhase section */

/* Begin PBXShellScriptBuildPhase section */
		637A8CB241FA74CB15EC88F6 /* [CP] Check Pods Manifest.lock */ = {
			isa = PBXShellScriptBuildPhase;
			buildActionMask = 2147483647;
			files = (
			);
			inputPaths = (
			);
			name = "[CP] Check Pods Manifest.lock";
			outputPaths = (
			);
			runOnlyForDeploymentPostprocessing = 0;
			shellPath = /bin/sh;
			shellScript = "diff \"${PODS_ROOT}/../Podfile.lock\" \"${PODS_ROOT}/Manifest.lock\" > /dev/null\nif [[ $? != 0 ]] ; then\n    cat << EOM\nerror: The sandbox is not in sync with the Podfile.lock. Run 'pod install' or update your CocoaPods installation.\nEOM\n    exit 1\nfi\n";
			showEnvVarsInLog = 0;
		};
		CF7B3560D4D147A3B9D20645 /* [CP] Embed Pods Frameworks */ = {
			isa = PBXShellScriptBuildPhase;
			buildActionMask = 2147483647;
			files = (
			);
			inputPaths = (
			);
			name = "[CP] Embed Pods Frameworks";
			outputPaths = (
			);
			runOnlyForDeploymentPostprocessing = 0;
			shellPath = /bin/sh;
			shellScript = "\"${SRCROOT}/Pods/Target Support Files/Pods-zhongyi.sina.com.mobileApp/Pods-zhongyi.sina.com.mobileApp-frameworks.sh\"\n";
			showEnvVarsInLog = 0;
		};
		DF0C3F0FEC3D6A0780F22843 /* [CP] Copy Pods Resources */ = {
			isa = PBXShellScriptBuildPhase;
			buildActionMask = 2147483647;
			files = (
			);
			inputPaths = (
			);
			name = "[CP] Copy Pods Resources";
			outputPaths = (
			);
			runOnlyForDeploymentPostprocessing = 0;
			shellPath = /bin/sh;
			shellScript = "\"${SRCROOT}/Pods/Target Support Files/Pods-zhongyi.sina.com.mobileApp/Pods-zhongyi.sina.com.mobileApp-resources.sh\"\n";
			showEnvVarsInLog = 0;
		};
/* End PBXShellScriptBuildPhase section */

/* Begin PBXSourcesBuildPhase section */
		1D6527BB1D225C4700E89D69 /* Sources */ = {
			isa = PBXSourcesBuildPhase;
			buildActionMask = 2147483647;
			files = (
				1DF421801D2A72A600D2FA04 /* LZTTestBaseViewController.m in Sources */,
				1DEE8BB31D226EE000DB6AA5 /* AppDelegate.m in Sources */,
				1DED301A1D25FC8B00DE57E2 /* LZHttpHelper.m in Sources */,
				1D009DB41D2B9BD800993564 /* LZCollectionViewContentTableView.m in Sources */,
				1DEE8BC01D2283CF00DB6AA5 /* LZNavigationViewController.m in Sources */,
				1DEE8BC61D2284FF00DB6AA5 /* LZAboutMeViewController.m in Sources */,
				1DEE8BBD1D227FF600DB6AA5 /* LZMainTabBarViewController.m in Sources */,
				1D464E301D24D689000032B3 /* LZTitleScrollView.m in Sources */,
				1D4FC5171D235BA200361C57 /* LZNewsInfo.m in Sources */,
				1D464E2C1D24D4A3000032B3 /* LZBaseViewController.m in Sources */,
				1D464E341D24DC79000032B3 /* LZClassModel.m in Sources */,
				1D464E281D24D3E1000032B3 /* LZClassViewController.m in Sources */,
				1DED30451D2654E300DE57E2 /* LZContentCollectionView.m in Sources */,
				1DEE8BD61D22858000DB6AA5 /* LZDetailViewController.m in Sources */,
				1D009DB31D2B965D00993564 /* LZFocusScrollView.m in Sources */,
				1DEE8BAE1D226B9200DB6AA5 /* main.m in Sources */,
				1DEE8BB61D227C7600DB6AA5 /* LZHomeViewController.m in Sources */,
				1DED30491D2656F900DE57E2 /* LZCollectionViewCell.m in Sources */,
				1DEE8BCC1D22851D00DB6AA5 /* LZSettingViewController.m in Sources */,
			);
			runOnlyForDeploymentPostprocessing = 0;
		};
/* End PBXSourcesBuildPhase section */

/* Begin XCBuildConfiguration section */
		1D6527D41D225C4700E89D69 /* Debug */ = {
			isa = XCBuildConfiguration;
			buildSettings = {
				ALWAYS_SEARCH_USER_PATHS = NO;
				CLANG_CXX_LANGUAGE_STANDARD = "gnu++0x";
				CLANG_CXX_LIBRARY = "libc++";
				CLANG_ENABLE_MODULES = YES;
				CLANG_ENABLE_OBJC_ARC = YES;
				CLANG_WARN_BOOL_CONVERSION = YES;
				CLANG_WARN_CONSTANT_CONVERSION = YES;
				CLANG_WARN_DIRECT_OBJC_ISA_USAGE = YES_ERROR;
				CLANG_WARN_EMPTY_BODY = YES;
				CLANG_WARN_ENUM_CONVERSION = YES;
				CLANG_WARN_INT_CONVERSION = YES;
				CLANG_WARN_OBJC_ROOT_CLASS = YES_ERROR;
				CLANG_WARN_UNREACHABLE_CODE = YES;
				CLANG_WARN__DUPLICATE_METHOD_MATCH = YES;
				"CODE_SIGN_IDENTITY[sdk=iphoneos*]" = "iPhone Developer";
				COPY_PHASE_STRIP = NO;
				DEBUG_INFORMATION_FORMAT = dwarf;
				ENABLE_STRICT_OBJC_MSGSEND = YES;
				ENABLE_TESTABILITY = YES;
				GCC_C_LANGUAGE_STANDARD = gnu99;
				GCC_DYNAMIC_NO_PIC = NO;
				GCC_NO_COMMON_BLOCKS = YES;
				GCC_OPTIMIZATION_LEVEL = 0;
				GCC_PREPROCESSOR_DEFINITIONS = (
					"DEBUG=1",
					"$(inherited)",
				);
				GCC_WARN_64_TO_32_BIT_CONVERSION = YES;
				GCC_WARN_ABOUT_RETURN_TYPE = YES_ERROR;
				GCC_WARN_UNDECLARED_SELECTOR = YES;
				GCC_WARN_UNINITIALIZED_AUTOS = YES_AGGRESSIVE;
				GCC_WARN_UNUSED_FUNCTION = YES;
				GCC_WARN_UNUSED_VARIABLE = YES;
				IPHONEOS_DEPLOYMENT_TARGET = 9.2;
				MTL_ENABLE_DEBUG_INFO = YES;
				ONLY_ACTIVE_ARCH = YES;
				SDKROOT = iphoneos;
			};
			name = Debug;
		};
		1D6527D51D225C4700E89D69 /* Release */ = {
			isa = XCBuildConfiguration;
			buildSettings = {
				ALWAYS_SEARCH_USER_PATHS = NO;
				CLANG_CXX_LANGUAGE_STANDARD = "gnu++0x";
				CLANG_CXX_LIBRARY = "libc++";
				CLANG_ENABLE_MODULES = YES;
				CLANG_ENABLE_OBJC_ARC = YES;
				CLANG_WARN_BOOL_CONVERSION = YES;
				CLANG_WARN_CONSTANT_CONVERSION = YES;
				CLANG_WARN_DIRECT_OBJC_ISA_USAGE = YES_ERROR;
				CLANG_WARN_EMPTY_BODY = YES;
				CLANG_WARN_ENUM_CONVERSION = YES;
				CLANG_WARN_INT_CONVERSION = YES;
				CLANG_WARN_OBJC_ROOT_CLASS = YES_ERROR;
				CLANG_WARN_UNREACHABLE_CODE = YES;
				CLANG_WARN__DUPLICATE_METHOD_MATCH = YES;
				"CODE_SIGN_IDENTITY[sdk=iphoneos*]" = "iPhone Developer";
				COPY_PHASE_STRIP = NO;
				DEBUG_INFORMATION_FORMAT = "dwarf-with-dsym";
				ENABLE_NS_ASSERTIONS = NO;
				ENABLE_STRICT_OBJC_MSGSEND = YES;
				GCC_C_LANGUAGE_STANDARD = gnu99;
				GCC_NO_COMMON_BLOCKS = YES;
				GCC_WARN_64_TO_32_BIT_CONVERSION = YES;
				GCC_WARN_ABOUT_RETURN_TYPE = YES_ERROR;
				GCC_WARN_UNDECLARED_SELECTOR = YES;
				GCC_WARN_UNINITIALIZED_AUTOS = YES_AGGRESSIVE;
				GCC_WARN_UNUSED_FUNCTION = YES;
				GCC_WARN_UNUSED_VARIABLE = YES;
				IPHONEOS_DEPLOYMENT_TARGET = 9.2;
				MTL_ENABLE_DEBUG_INFO = NO;
				SDKROOT = iphoneos;
				VALIDATE_PRODUCT = YES;
			};
			name = Release;
		};
		1D6527D71D225C4700E89D69 /* Debug */ = {
			isa = XCBuildConfiguration;
			baseConfigurationReference = 0BC88FF0BB3D547823D0F4D1 /* Pods-zhongyi.sina.com.mobileApp.debug.xcconfig */;
			buildSettings = {
				ASSETCATALOG_COMPILER_APPICON_NAME = AppIcon;
				INFOPLIST_FILE = zhongyi.sina.com.mobileApp/zhongyi.Config/Info.plist;
				IPHONEOS_DEPLOYMENT_TARGET = 9.2;
				LD_RUNPATH_SEARCH_PATHS = "$(inherited) @executable_path/Frameworks";
				PRODUCT_BUNDLE_IDENTIFIER = "zhongyi.Monkey.zhongyi-sina-com-mobileApp";
				PRODUCT_NAME = "$(TARGET_NAME)";
			};
			name = Debug;
		};
		1D6527D81D225C4700E89D69 /* Release */ = {
			isa = XCBuildConfiguration;
			baseConfigurationReference = D4BF94A2A7D81442B984C225 /* Pods-zhongyi.sina.com.mobileApp.release.xcconfig */;
			buildSettings = {
				ASSETCATALOG_COMPILER_APPICON_NAME = AppIcon;
				IPHONEOS_DEPLOYMENT_TARGET = 9.2;
				LD_RUNPATH_SEARCH_PATHS = "$(inherited) @executable_path/Frameworks";
				PRODUCT_BUNDLE_IDENTIFIER = "zhongyi.Monkey.zhongyi-sina-com-mobileApp";
				PRODUCT_NAME = "$(TARGET_NAME)";
			};
			name = Release;
		};
/* End XCBuildConfiguration section */

/* Begin XCConfigurationList section */
		1D6527BA1D225C4700E89D69 /* Build configuration list for PBXProject "zhongyi.sina.com.mobileApp" */ = {
			isa = XCConfigurationList;
			buildConfigurations = (
				1D6527D41D225C4700E89D69 /* Debug */,
				1D6527D51D225C4700E89D69 /* Release */,
			);
			defaultConfigurationIsVisible = 0;
			defaultConfigurationName = Release;
		};
		1D6527D61D225C4700E89D69 /* Build configuration list for PBXNativeTarget "zhongyi.sina.com.mobileApp" */ = {
			isa = XCConfigurationList;
			buildConfigurations = (
				1D6527D71D225C4700E89D69 /* Debug */,
				1D6527D81D225C4700E89D69 /* Release */,
			);
			defaultConfigurationIsVisible = 0;
			defaultConfigurationName = Release;
		};
/* End XCConfigurationList section */
	};
	rootObject = 1D6527B71D225C4700E89D69 /* Project object */;
}
